
Microsoft Visual Studio Solution File, Format Version 12.00
# Visual Studio Version 17
VisualStudioVersion = 17.0.32002.185
MinimumVisualStudioVersion = 10.0.40219.1
Project("{9A19103F-16F7-4668-BE54-9A1E7A4F7556}") = "JustASecond.Web", "JustASecond.Web\JustASecond.Web.csproj", "{EF2B2A56-44DD-40A1-8C96-7AF561F658BA}"
EndProject
Project("{9A19103F-16F7-4668-BE54-9A1E7A4F7556}") = "JustASecond.DAL", "..\JustASecond.DAL\JustASecond.DAL.csproj", "{6C03C9B6-CA62-4933-9A41-FF5C764B1635}"
EndProject
Project("{2150E333-8FDC-42A3-9474-1A3956D46DE8}") = "Documentation", "Documentation", "{0153B6AB-C239-4CAD-BD5D-A636E5530D88}"
	ProjectSection(SolutionItems) = preProject
		..\..\..\..\Desktop\PP\JustASecond.docx = ..\..\..\..\Desktop\PP\JustASecond.docx
		..\..\..\..\..\..\Testdokumentation.docx = ..\..\..\..\..\..\Testdokumentation.docx
	EndProjectSection
EndProject
Global
	GlobalSection(SolutionConfigurationPlatforms) = preSolution
		Debug|Any CPU = Debug|Any CPU
		Release|Any CPU = Release|Any CPU
	EndGlobalSection
	GlobalSection(ProjectConfigurationPlatforms) = postSolution
		{EF2B2A56-44DD-40A1-8C96-7AF561F658BA}.Debug|Any CPU.ActiveCfg = Debug|Any CPU
		{EF2B2A56-44DD-40A1-8C96-7AF561F658BA}.Debug|Any CPU.Build.0 = Debug|Any CPU
		{EF2B2A56-44DD-40A1-8C96-7AF561F658BA}.Release|Any CPU.ActiveCfg = Release|Any CPU
		{EF2B2A56-44DD-40A1-8C96-7AF561F658BA}.Release|Any CPU.Build.0 = Release|Any CPU
		{6C03C9B6-CA62-4933-9A41-FF5C764B1635}.Debug|Any CPU.ActiveCfg = Debug|Any CPU
		{6C03C9B6-CA62-4933-9A41-FF5C764B1635}.Debug|Any CPU.Build.0 = Debug|Any CPU
		{6C03C9B6-CA62-4933-9A41-FF5C764B1635}.Release|Any CPU.ActiveCfg = Release|Any CPU
		{6C03C9B6-CA62-4933-9A41-FF5C764B1635}.Release|Any CPU.Build.0 = Release|Any CPU
	EndGlobalSection
	GlobalSection(SolutionProperties) = preSolution
		HideSolutionNode = FALSE
	EndGlobalSection
	GlobalSection(ExtensibilityGlobals) = postSolution
		SolutionGuid = {9329065C-3C79-4911-B777-7EFC93208F2D}
	EndGlobalSection
EndGlobal
